
Microsoft Visual Studio Solution File, Format Version 12.00
# Visual Studio Version 16
VisualStudioVersion = 16.0.30621.155
MinimumVisualStudioVersion = 10.0.40219.1
Project("{FAE04EC0-301F-11D3-BF4B-00C04F79EFBC}") = "ImageViewerApplication", "ImageViewerApplication.csproj", "{A5FE78BD-5E4B-46D9-9AC8-4B488FBD8154}"
EndProject
Global
	GlobalSection(SolutionConfigurationPlatforms) = preSolution
		Debug|Any CPU = Debug|Any CPU
		Release|Any CPU = Release|Any CPU
	EndGlobalSection
	GlobalSection(ProjectConfigurationPlatforms) = postSolution
		{A5FE78BD-5E4B-46D9-9AC8-4B488FBD8154}.Debug|Any CPU.ActiveCfg = Debug|Any CPU
		{A5FE78BD-5E4B-46D9-9AC8-4B488FBD8154}.Debug|Any CPU.Build.0 = Debug|Any CPU
		{A5FE78BD-5E4B-46D9-9AC8-4B488FBD8154}.Release|Any CPU.ActiveCfg = Release|Any CPU
		{A5FE78BD-5E4B-46D9-9AC8-4B488FBD8154}.Release|Any CPU.Build.0 = Release|Any CPU
	EndGlobalSection
	GlobalSection(SolutionProperties) = preSolution
		HideSolutionNode = FALSE
	EndGlobalSection
	GlobalSection(ExtensibilityGlobals) = postSolution
		SolutionGuid = {0C515F5E-4FBE-4314-8F71-22C7C6A0CF8F}
	EndGlobalSection
EndGlobal
